// !$*UTF8*$!
{
	archiveVersion = 1;
	classes = {
	};
	objectVersion = 50;
	objects = {

/* Begin PBXBuildFile section */
		95B6FE4E215321F8001A82C9 /* AppDelegate.swift in Sources */ = {isa = PBXBuildFile; fileRef = 95B6FE4D215321F8001A82C9 /* AppDelegate.swift */; };
		95B6FE50215321F8001A82C9 /* ViewController.swift in Sources */ = {isa = PBXBuildFile; fileRef = 95B6FE4F215321F8001A82C9 /* ViewController.swift */; };
		95B6FE53215321F8001A82C9 /* Main.storyboard in Resources */ = {isa = PBXBuildFile; fileRef = 95B6FE51215321F8001A82C9 /* Main.storyboard */; };
		95B6FE55215321FC001A82C9 /* Assets.xcassets in Resources */ = {isa = PBXBuildFile; fileRef = 95B6FE54215321FC001A82C9 /* Assets.xcassets */; };
		95B6FE58215321FC001A82C9 /* LaunchScreen.storyboard in Resources */ = {isa = PBXBuildFile; fileRef = 95B6FE56215321FC001A82C9 /* LaunchScreen.storyboard */; };
		95B6FE63215321FD001A82C9 /* calculatorTests.swift in Sources */ = {isa = PBXBuildFile; fileRef = 95B6FE62215321FD001A82C9 /* calculatorTests.swift */; };
		95B6FE6E215321FD001A82C9 /* calculatorUITests.swift in Sources */ = {isa = PBXBuildFile; fileRef = 95B6FE6D215321FD001A82C9 /* calculatorUITests.swift */; };
/* End PBXBuildFile section */

/* Begin PBXContainerItemProxy section */
		95B6FE5F215321FD001A82C9 /* PBXContainerItemProxy */ = {
			isa = PBXContainerItemProxy;
			containerPortal = 95B6FE42215321F8001A82C9 /* Project object */;
			proxyType = 1;
			remoteGlobalIDString = 95B6FE49215321F8001A82C9;
			remoteInfo = calculator;
		};
		95B6FE6A215321FD001A82C9 /* PBXContainerItemProxy */ = {
			isa = PBXContainerItemProxy;
			containerPortal = 95B6FE42215321F8001A82C9 /* Project object */;
			proxyType = 1;
			remoteGlobalIDString = 95B6FE49215321F8001A82C9;
			remoteInfo = calculator;
		};
/* End PBXContainerItemProxy section */

/* Begin PBXFileReference section */
		95B6FE4A215321F8001A82C9 /* calculator.app */ = {isa = PBXFileReference; explicitFileType = wrapper.application; includeInIndex = 0; path = calculator.app; sourceTree = BUILT_PRODUCTS_DIR; };
		95B6FE4D215321F8001A82C9 /* AppDelegate.swift */ = {isa = PBXFileReference; lastKnownFileType = sourcecode.swift; path = AppDelegate.swift; sourceTree = "<group>"; };
		95B6FE4F215321F8001A82C9 /* ViewController.swift */ = {isa = PBXFileReference; lastKnownFileType = sourcecode.swift; path = ViewController.swift; sourceTree = "<group>"; };
		95B6FE52215321F8001A82C9 /* Base */ = {isa = PBXFileReference; lastKnownFileType = file.storyboard; name = Base; path = Base.lproj/Main.storyboard; sourceTree = "<group>"; };
		95B6FE54215321FC001A82C9 /* Assets.xcassets */ = {isa = PBXFileReference; lastKnownFileType = folder.assetcatalog; path = Assets.xcassets; sourceTree = "<group>"; };
		95B6FE57215321FC001A82C9 /* Base */ = {isa = PBXFileReference; lastKnownFileType = file.storyboard; name = Base; path = Base.lproj/LaunchScreen.storyboard; sourceTree = "<group>"; };
		95B6FE59215321FC001A82C9 /* Info.plist */ = {isa = PBXFileReference; lastKnownFileType = text.plist.xml; path = Info.plist; sourceTree = "<group>"; };
		95B6FE5E215321FD001A82C9 /* calculatorTests.xctest */ = {isa = PBXFileReference; explicitFileType = wrapper.cfbundle; includeInIndex = 0; path = calculatorTests.xctest; sourceTree = BUILT_PRODUCTS_DIR; };
		95B6FE62215321FD001A82C9 /* calculatorTests.swift */ = {isa = PBXFileReference; lastKnownFileType = sourcecode.swift; path = calculatorTests.swift; sourceTree = "<group>"; };
		95B6FE64215321FD001A82C9 /* Info.plist */ = {isa = PBXFileReference; lastKnownFileType = text.plist.xml; path = Info.plist; sourceTree = "<group>"; };
		95B6FE69215321FD001A82C9 /* calculatorUITests.xctest */ = {isa = PBXFileReference; explicitFileType = wrapper.cfbundle; includeInIndex = 0; path = calculatorUITests.xctest; sourceTree = BUILT_PRODUCTS_DIR; };
		95B6FE6D215321FD001A82C9 /* calculatorUITests.swift */ = {isa = PBXFileReference; lastKnownFileType = sourcecode.swift; path = calculatorUITests.swift; sourceTree = "<group>"; };
		95B6FE6F215321FD001A82C9 /* Info.plist */ = {isa = PBXFileReference; lastKnownFileType = text.plist.xml; path = Info.plist; sourceTree = "<group>"; };
/* End PBXFileReference section */

/* Begin PBXFrameworksBuildPhase section */
		95B6FE47215321F8001A82C9 /* Frameworks */ = {
			isa = PBXFrameworksBuildPhase;
			buildActionMask = 2147483647;
			files = (
			);
			runOnlyForDeploymentPostprocessing = 0;
		};
		95B6FE5B215321FD001A82C9 /* Frameworks */ = {
			isa = PBXFrameworksBuildPhase;
			buildActionMask = 2147483647;
			files = (
			);
			runOnlyForDeploymentPostprocessing = 0;
		};
		95B6FE66215321FD001A82C9 /* Frameworks */ = {
			isa = PBXFrameworksBuildPhase;
			buildActionMask = 2147483647;
			files = (
			);
			runOnlyForDeploymentPostprocessing = 0;
		};
/* End PBXFrameworksBuildPhase section */

/* Begin PBXGroup section */
		95B6FE41215321F8001A82C9 = {
			isa = PBXGroup;
			children = (
				95B6FE4C215321F8001A82C9 /* calculator */,
				95B6FE61215321FD001A82C9 /* calculatorTests */,
				95B6FE6C215321FD001A82C9 /* calculatorUITests */,
				95B6FE4B215321F8001A82C9 /* Products */,
			);
			sourceTree = "<group>";
		};
		95B6FE4B215321F8001A82C9 /* Products */ = {
			isa = PBXGroup;
			children = (
				95B6FE4A215321F8001A82C9 /* calculator.app */,
				95B6FE5E215321FD001A82C9 /* calculatorTests.xctest */,
				95B6FE69215321FD001A82C9 /* calculatorUITests.xctest */,
			);
			name = Products;
			sourceTree = "<group>";
		};
		95B6FE4C215321F8001A82C9 /* calculator */ = {
			isa = PBXGroup;
			children = (
				95B6FE4D215321F8001A82C9 /* AppDelegate.swift */,
				95B6FE4F215321F8001A82C9 /* ViewController.swift */,
				95B6FE51215321F8001A82C9 /* Main.storyboard */,
				95B6FE54215321FC001A82C9 /* Assets.xcassets */,
				95B6FE56215321FC001A82C9 /* LaunchScreen.storyboard */,
				95B6FE59215321FC001A82C9 /* Info.plist */,
			);
			path = calculator;
			sourceTree = "<group>";
		};
		95B6FE61215321FD001A82C9 /* calculatorTests */ = {
			isa = PBXGroup;
			children = (
				95B6FE62215321FD001A82C9 /* calculatorTests.swift */,
				95B6FE64215321FD001A82C9 /* Info.plist */,
			);
			path = calculatorTests;
			sourceTree = "<group>";
		};
		95B6FE6C215321FD001A82C9 /* calculatorUITests */ = {
			isa = PBXGroup;
			children = (
				95B6FE6D215321FD001A82C9 /* calculatorUITests.swift */,
				95B6FE6F215321FD001A82C9 /* Info.plist */,
			);
			path = calculatorUITests;
			sourceTree = "<group>";
		};
/* End PBXGroup section */

/* Begin PBXNativeTarget section */
		95B6FE49215321F8001A82C9 /* calculator */ = {
			isa = PBXNativeTarget;
			buildConfigurationList = 95B6FE72215321FD001A82C9 /* Build configuration list for PBXNativeTarget "calculator" */;
			buildPhases = (
				95B6FE46215321F8001A82C9 /* Sources */,
				95B6FE47215321F8001A82C9 /* Frameworks */,
				95B6FE48215321F8001A82C9 /* Resources */,
			);
			buildRules = (
			);
			dependencies = (
			);
			name = calculator;
			productName = calculator;
			productReference = 95B6FE4A215321F8001A82C9 /* calculator.app */;
			productType = "com.apple.product-type.application";
		};
		95B6FE5D215321FD001A82C9 /* calculatorTests */ = {
			isa = PBXNativeTarget;
			buildConfigurationList = 95B6FE75215321FD001A82C9 /* Build configuration list for PBXNativeTarget "calculatorTests" */;
			buildPhases = (
				95B6FE5A215321FD001A82C9 /* Sources */,
				95B6FE5B215321FD001A82C9 /* Frameworks */,
				95B6FE5C215321FD001A82C9 /* Resources */,
			);
			buildRules = (
			);
			dependencies = (
				95B6FE60215321FD001A82C9 /* PBXTargetDependency */,
			);
			name = calculatorTests;
			productName = calculatorTests;
			productReference = 95B6FE5E215321FD001A82C9 /* calculatorTests.xctest */;
			productType = "com.apple.product-type.bundle.unit-test";
		};
		95B6FE68215321FD001A82C9 /* calculatorUITests */ = {
			isa = PBXNativeTarget;
			buildConfigurationList = 95B6FE78215321FD001A82C9 /* Build configuration list for PBXNativeTarget "calculatorUITests" */;
			buildPhases = (
				95B6FE65215321FD001A82C9 /* Sources */,
				95B6FE66215321FD001A82C9 /* Frameworks */,
				95B6FE67215321FD001A82C9 /* Resources */,
			);
			buildRules = (
			);
			dependencies = (
				95B6FE6B215321FD001A82C9 /* PBXTargetDependency */,
			);
			name = calculatorUITests;
			productName = calculatorUITests;
			productReference = 95B6FE69215321FD001A82C9 /* calculatorUITests.xctest */;
			productType = "com.apple.product-type.bundle.ui-testing";
		};
/* End PBXNativeTarget section */

/* Begin PBXProject section */
		95B6FE42215321F8001A82C9 /* Project object */ = {
			isa = PBXProject;
			attributes = {
				LastSwiftUpdateCheck = 0940;
				LastUpgradeCheck = 0940;
				ORGANIZATIONNAME = "杨扬";
				TargetAttributes = {
					95B6FE49215321F8001A82C9 = {
						CreatedOnToolsVersion = 9.4.1;
					};
					95B6FE5D215321FD001A82C9 = {
						CreatedOnToolsVersion = 9.4.1;
						TestTargetID = 95B6FE49215321F8001A82C9;
					};
					95B6FE68215321FD001A82C9 = {
						CreatedOnToolsVersion = 9.4.1;
						TestTargetID = 95B6FE49215321F8001A82C9;
					};
				};
			};
			buildConfigurationList = 95B6FE45215321F8001A82C9 /* Build configuration list for PBXProject "calculator" */;
			compatibilityVersion = "Xcode 9.3";
			developmentRegion = en;
			hasScannedForEncodings = 0;
			knownRegions = (
				en,
				Base,
			);
			mainGroup = 95B6FE41215321F8001A82C9;
			productRefGroup = 95B6FE4B215321F8001A82C9 /* Products */;
			projectDirPath = "";
			projectRoot = "";
			targets = (
				95B6FE49215321F8001A82C9 /* calculator */,
				95B6FE5D215321FD001A82C9 /* calculatorTests */,
				95B6FE68215321FD001A82C9 /* calculatorUITests */,
			);
		};
/* End PBXProject section */

/* Begin PBXResourcesBuildPhase section */
		95B6FE48215321F8001A82C9 /* Resources */ = {
			isa = PBXResourcesBuildPhase;
			buildActionMask = 2147483647;
			files = (
				95B6FE58215321FC001A82C9 /* LaunchScreen.storyboard in Resources */,
				95B6FE55215321FC001A82C9 /* Assets.xcassets in Resources */,
				95B6FE53215321F8001A82C9 /* Main.storyboard in Resources */,
			);
			runOnlyForDeploymentPostprocessing = 0;
		};
		95B6FE5C215321FD001A82C9 /* Resources */ = {
			isa = PBXResourcesBuildPhase;
			buildActionMask = 2147483647;
			files = (
			);
			runOnlyForDeploymentPostprocessing = 0;
		};
		95B6FE67215321FD001A82C9 /* Resources */ = {
			isa = PBXResourcesBuildPhase;
			buildActionMask = 2147483647;
			files = (
			);
			runOnlyForDeploymentPostprocessing = 0;
		};
/* End PBXResourcesBuildPhase section */

/* Begin PBXSourcesBuildPhase section */
		95B6FE46215321F8001A82C9 /* Sources */ = {
			isa = PBXSourcesBuildPhase;
			buildActionMask = 2147483647;
			files = (
				95B6FE50215321F8001A82C9 /* ViewController.swift in Sources */,
				95B6FE4E215321F8001A82C9 /* AppDelegate.swift in Sources */,
			);
			runOnlyForDeploymentPostprocessing = 0;
		};
		95B6FE5A215321FD001A82C9 /* Sources */ = {
			isa = PBXSourcesBuildPhase;
			buildActionMask = 2147483647;
			files = (
				95B6FE63215321FD001A82C9 /* calculatorTests.swift in Sources */,
			);
			runOnlyForDeploymentPostprocessing = 0;
		};
		95B6FE65215321FD001A82C9 /* Sources */ = {
			isa = PBXSourcesBuildPhase;
			buildActionMask = 2147483647;
			files = (
				95B6FE6E215321FD001A82C9 /* calculatorUITests.swift in Sources */,
			);
			runOnlyForDeploymentPostprocessing = 0;
		};
/* End PBXSourcesBuildPhase section */

/* Begin PBXTargetDependency section */
		95B6FE60215321FD001A82C9 /* PBXTargetDependency */ = {
			isa = PBXTargetDependency;
			target = 95B6FE49215321F8001A82C9 /* calculator */;
			targetProxy = 95B6FE5F215321FD001A82C9 /* PBXContainerItemProxy */;
		};
		95B6FE6B215321FD001A82C9 /* PBXTargetDependency */ = {
			isa = PBXTargetDependency;
			target = 95B6FE49215321F8001A82C9 /* calculator */;
			targetProxy = 95B6FE6A215321FD001A82C9 /* PBXContainerItemProxy */;
		};
/* End PBXTargetDependency section */

/* Begin PBXVariantGroup section */
		95B6FE51215321F8001A82C9 /* Main.storyboard */ = {
			isa = PBXVariantGroup;
			children = (
				95B6FE52215321F8001A82C9 /* Base */,
			);
			name = Main.storyboard;
			sourceTree = "<group>";
		};
		95B6FE56215321FC001A82C9 /* LaunchScreen.storyboard */ = {
			isa = PBXVariantGroup;
			children = (
				95B6FE57215321FC001A82C9 /* Base */,
			);
			name = LaunchScreen.storyboard;
			sourceTree = "<group>";
		};
/* End PBXVariantGroup section */

/* Begin XCBuildConfiguration section */
		95B6FE70215321FD001A82C9 /* Debug */ = {
			isa = XCBuildConfiguration;
			buildSettings = {
				ALWAYS_SEARCH_USER_PATHS = NO;
				CLANG_ANALYZER_NONNULL = YES;
				CLANG_ANALYZER_NUMBER_OBJECT_CONVERSION = YES_AGGRESSIVE;
				CLANG_CXX_LANGUAGE_STANDARD = "gnu++14";
				CLANG_CXX_LIBRARY = "libc++";
				CLANG_ENABLE_MODULES = YES;
				CLANG_ENABLE_OBJC_ARC = YES;
				CLANG_ENABLE_OBJC_WEAK = YES;
				CLANG_WARN_BLOCK_CAPTURE_AUTORELEASING = YES;
				CLANG_WARN_BOOL_CONVERSION = YES;
				CLANG_WARN_COMMA = YES;
				CLANG_WARN_CONSTANT_CONVERSION = YES;
				CLANG_WARN_DEPRECATED_OBJC_IMPLEMENTATIONS = YES;
				CLANG_WARN_DIRECT_OBJC_ISA_USAGE = YES_ERROR;
				CLANG_WARN_DOCUMENTATION_COMMENTS = YES;
				CLANG_WARN_EMPTY_BODY = YES;
				CLANG_WARN_ENUM_CONVERSION = YES;
				CLANG_WARN_INFINITE_RECURSION = YES;
				CLANG_WARN_INT_CONVERSION = YES;
				CLANG_WARN_NON_LITERAL_NULL_CONVERSION = YES;
				CLANG_WARN_OBJC_IMPLICIT_RETAIN_SELF = YES;
				CLANG_WARN_OBJC_LITERAL_CONVERSION = YES;
				CLANG_WARN_OBJC_ROOT_CLASS = YES_ERROR;
				CLANG_WARN_RANGE_LOOP_ANALYSIS = YES;
				CLANG_WARN_STRICT_PROTOTYPES = YES;
				CLANG_WARN_SUSPICIOUS_MOVE = YES;
				CLANG_WARN_UNGUARDED_AVAILABILITY = YES_AGGRESSIVE;
				CLANG_WARN_UNREACHABLE_CODE = YES;
				CLANG_WARN__DUPLICATE_METHOD_MATCH = YES;
				CODE_SIGN_IDENTITY = "iPhone Developer";
				COPY_PHASE_STRIP = NO;
				DEBUG_INFORMATION_FORMAT = dwarf;
				ENABLE_STRICT_OBJC_MSGSEND = YES;
				ENABLE_TESTABILITY = YES;
				GCC_C_LANGUAGE_STANDARD = gnu11;
				GCC_DYNAMIC_NO_PIC = NO;
				GCC_NO_COMMON_BLOCKS = YES;
				GCC_OPTIMIZATION_LEVEL = 0;
				GCC_PREPROCESSOR_DEFINITIONS = (
					"DEBUG=1",
					"$(inherited)",
				);
				GCC_WARN_64_TO_32_BIT_CONVERSION = YES;
				GCC_WARN_ABOUT_RETURN_TYPE = YES_ERROR;
				GCC_WARN_UNDECLARED_SELECTOR = YES;
				GCC_WARN_UNINITIALIZED_AUTOS = YES_AGGRESSIVE;
				GCC_WARN_UNUSED_FUNCTION = YES;
				GCC_WARN_UNUSED_VARIABLE = YES;
				IPHONEOS_DEPLOYMENT_TARGET = 11.4;
				MTL_ENABLE_DEBUG_INFO = YES;
				ONLY_ACTIVE_ARCH = YES;
				SDKROOT = iphoneos;
				SWIFT_ACTIVE_COMPILATION_CONDITIONS = DEBUG;
				SWIFT_OPTIMIZATION_LEVEL = "-Onone";
			};
			name = Debug;
		};
		95B6FE71215321FD001A82C9 /* Release */ = {
			isa = XCBuildConfiguration;
			buildSettings = {
				ALWAYS_SEARCH_USER_PATHS = NO;
				CLANG_ANALYZER_NONNULL = YES;
				CLANG_ANALYZER_NUMBER_OBJECT_CONVERSION = YES_AGGRESSIVE;
				CLANG_CXX_LANGUAGE_STANDARD = "gnu++14";
				CLANG_CXX_LIBRARY = "libc++";
				CLANG_ENABLE_MODULES = YES;
				CLANG_ENABLE_OBJC_ARC = YES;
				CLANG_ENABLE_OBJC_WEAK = YES;
				CLANG_WARN_BLOCK_CAPTURE_AUTORELEASING = YES;
				CLANG_WARN_BOOL_CONVERSION = YES;
				CLANG_WARN_COMMA = YES;
				CLANG_WARN_CONSTANT_CONVERSION = YES;
				CLANG_WARN_DEPRECATED_OBJC_IMPLEMENTATIONS = YES;
				CLANG_WARN_DIRECT_OBJC_ISA_USAGE = YES_ERROR;
				CLANG_WARN_DOCUMENTATION_COMMENTS = YES;
				CLANG_WARN_EMPTY_BODY = YES;
				CLANG_WARN_ENUM_CONVERSION = YES;
				CLANG_WARN_INFINITE_RECURSION = YES;
				CLANG_WARN_INT_CONVERSION = YES;
				CLANG_WARN_NON_LITERAL_NULL_CONVERSION = YES;
				CLANG_WARN_OBJC_IMPLICIT_RETAIN_SELF = YES;
				CLANG_WARN_OBJC_LITERAL_CONVERSION = YES;
				CLANG_WARN_OBJC_ROOT_CLASS = YES_ERROR;
				CLANG_WARN_RANGE_LOOP_ANALYSIS = YES;
				CLANG_WARN_STRICT_PROTOTYPES = YES;
				CLANG_WARN_SUSPICIOUS_MOVE = YES;
				CLANG_WARN_UNGUARDED_AVAILABILITY = YES_AGGRESSIVE;
				CLANG_WARN_UNREACHABLE_CODE = YES;
				CLANG_WARN__DUPLICATE_METHOD_MATCH = YES;
				CODE_SIGN_IDENTITY = "iPhone Developer";
				COPY_PHASE_STRIP = NO;
				DEBUG_INFORMATION_FORMAT = "dwarf-with-dsym";
				ENABLE_NS_ASSERTIONS = NO;
				ENABLE_STRICT_OBJC_MSGSEND = YES;
				GCC_C_LANGUAGE_STANDARD = gnu11;
				GCC_NO_COMMON_BLOCKS = YES;
				GCC_WARN_64_TO_32_BIT_CONVERSION = YES;
				GCC_WARN_ABOUT_RETURN_TYPE = YES_ERROR;
				GCC_WARN_UNDECLARED_SELECTOR = YES;
				GCC_WARN_UNINITIALIZED_AUTOS = YES_AGGRESSIVE;
				GCC_WARN_UNUSED_FUNCTION = YES;
				GCC_WARN_UNUSED_VARIABLE = YES;
				IPHONEOS_DEPLOYMENT_TARGET = 11.4;
				MTL_ENABLE_DEBUG_INFO = NO;
				SDKROOT = iphoneos;
				SWIFT_COMPILATION_MODE = wholemodule;
				SWIFT_OPTIMIZATION_LEVEL = "-O";
				VALIDATE_PRODUCT = YES;
			};
			name = Release;
		};
		95B6FE73215321FD001A82C9 /* Debug */ = {
			isa = XCBuildConfiguration;
			buildSettings = {
				ASSETCATALOG_COMPILER_APPICON_NAME = AppIcon;
				CODE_SIGN_STYLE = Automatic;
				INFOPLIST_FILE = calculator/Info.plist;
				LD_RUNPATH_SEARCH_PATHS = (
					"$(inherited)",
					"@executable_path/Frameworks",
				);
				PRODUCT_BUNDLE_IDENTIFIER = yy.calculator;
				PRODUCT_NAME = "$(TARGET_NAME)";
				SWIFT_VERSION = 4.0;
				TARGETED_DEVICE_FAMILY = "1,2";
			};
			name = Debug;
		};
		95B6FE74215321FD001A82C9 /* Release */ = {
			isa = XCBuildConfiguration;
			buildSettings = {
				ASSETCATALOG_COMPILER_APPICON_NAME = AppIcon;
				CODE_SIGN_STYLE = Automatic;
				INFOPLIST_FILE = calculator/Info.plist;
				LD_RUNPATH_SEARCH_PATHS = (
					"$(inherited)",
					"@executable_path/Frameworks",
				);
				PRODUCT_BUNDLE_IDENTIFIER = yy.calculator;
				PRODUCT_NAME = "$(TARGET_NAME)";
				SWIFT_VERSION = 4.0;
				TARGETED_DEVICE_FAMILY = "1,2";
			};
			name = Release;
		};
		95B6FE76215321FD001A82C9 /* Debug */ = {
			isa = XCBuildConfiguration;
			buildSettings = {
				ALWAYS_EMBED_SWIFT_STANDARD_LIBRARIES = YES;
				BUNDLE_LOADER = "$(TEST_HOST)";
				CODE_SIGN_STYLE = Automatic;
				INFOPLIST_FILE = calculatorTests/Info.plist;
				LD_RUNPATH_SEARCH_PATHS = (
					"$(inherited)",
					"@executable_path/Frameworks",
					"@loader_path/Frameworks",
				);
				PRODUCT_BUNDLE_IDENTIFIER = yy.calculatorTests;
				PRODUCT_NAME = "$(TARGET_NAME)";
				SWIFT_VERSION = 4.0;
				TARGETED_DEVICE_FAMILY = "1,2";
				TEST_HOST = "$(BUILT_PRODUCTS_DIR)/calculator.app/calculator";
			};
			name = Debug;
		};
		95B6FE77215321FD001A82C9 /* Release */ = {
			isa = XCBuildConfiguration;
			buildSettings = {
				ALWAYS_EMBED_SWIFT_STANDARD_LIBRARIES = YES;
				BUNDLE_LOADER = "$(TEST_HOST)";
				CODE_SIGN_STYLE = Automatic;
				INFOPLIST_FILE = calculatorTests/Info.plist;
				LD_RUNPATH_SEARCH_PATHS = (
					"$(inherited)",
					"@executable_path/Frameworks",
					"@loader_path/Frameworks",
				);
				PRODUCT_BUNDLE_IDENTIFIER = yy.calculatorTests;
				PRODUCT_NAME = "$(TARGET_NAME)";
				SWIFT_VERSION = 4.0;
				TARGETED_DEVICE_FAMILY = "1,2";
				TEST_HOST = "$(BUILT_PRODUCTS_DIR)/calculator.app/calculator";
			};
			name = Release;
		};
		95B6FE79215321FD001A82C9 /* Debug */ = {
			isa = XCBuildConfiguration;
			buildSettings = {
				ALWAYS_EMBED_SWIFT_STANDARD_LIBRARIES = YES;
				CODE_SIGN_STYLE = Automatic;
				INFOPLIST_FILE = calculatorUITests/Info.plist;
				LD_RUNPATH_SEARCH_PATHS = (
					"$(inherited)",
					"@executable_path/Frameworks",
					"@loader_path/Frameworks",
				);
				PRODUCT_BUNDLE_IDENTIFIER = yy.calculatorUITests;
				PRODUCT_NAME = "$(TARGET_NAME)";
				SWIFT_VERSION = 4.0;
				TARGETED_DEVICE_FAMILY = "1,2";
				TEST_TARGET_NAME = calculator;
			};
			name = Debug;
		};
		95B6FE7A215321FD001A82C9 /* Release */ = {
			isa = XCBuildConfiguration;
			buildSettings = {
				ALWAYS_EMBED_SWIFT_STANDARD_LIBRARIES = YES;
				CODE_SIGN_STYLE = Automatic;
				INFOPLIST_FILE = calculatorUITests/Info.plist;
				LD_RUNPATH_SEARCH_PATHS = (
					"$(inherited)",
					"@executable_path/Frameworks",
					"@loader_path/Frameworks",
				);
				PRODUCT_BUNDLE_IDENTIFIER = yy.calculatorUITests;
				PRODUCT_NAME = "$(TARGET_NAME)";
				SWIFT_VERSION = 4.0;
				TARGETED_DEVICE_FAMILY = "1,2";
				TEST_TARGET_NAME = calculator;
			};
			name = Release;
		};
/* End XCBuildConfiguration section */

/* Begin XCConfigurationList section */
		95B6FE45215321F8001A82C9 /* Build configuration list for PBXProject "calculator" */ = {
			isa = XCConfigurationList;
			buildConfigurations = (
				95B6FE70215321FD001A82C9 /* Debug */,
				95B6FE71215321FD001A82C9 /* Release */,
			);
			defaultConfigurationIsVisible = 0;
			defaultConfigurationName = Release;
		};
		95B6FE72215321FD001A82C9 /* Build configuration list for PBXNativeTarget "calculator" */ = {
			isa = XCConfigurationList;
			buildConfigurations = (
				95B6FE73215321FD001A82C9 /* Debug */,
				95B6FE74215321FD001A82C9 /* Release */,
			);
			defaultConfigurationIsVisible = 0;
			defaultConfigurationName = Release;
		};
		95B6FE75215321FD001A82C9 /* Build configuration list for PBXNativeTarget "calculatorTests" */ = {
			isa = XCConfigurationList;
			buildConfigurations = (
				95B6FE76215321FD001A82C9 /* Debug */,
				95B6FE77215321FD001A82C9 /* Release */,
			);
			defaultConfigurationIsVisible = 0;
			defaultConfigurationName = Release;
		};
		95B6FE78215321FD001A82C9 /* Build configuration list for PBXNativeTarget "calculatorUITests" */ = {
			isa = XCConfigurationList;
			buildConfigurations = (
				95B6FE79215321FD001A82C9 /* Debug */,
				95B6FE7A215321FD001A82C9 /* Release */,
			);
			defaultConfigurationIsVisible = 0;
			defaultConfigurationName = Release;
		};
/* End XCConfigurationList section */
	};
	rootObject = 95B6FE42215321F8001A82C9 /* Project object */;
}
